{
  "name": "@aiassistsecure/yente",
  "version": "0.1.0",
  "lockfileVersion": 3,
  "requires": true,
  "packages": {
    "": {
      "name": "@aiassistsecure/yente",
      "version": "0.1.0",
      "dependencies": {
        "nedb-engine": "^2.8.2",
        "sentinel-blocks": "1.0.2"
      },
      "engines": {
        "node": ">=24"
      }
    },
    "node_modules/nedb-engine": {
      "version": "2.8.2",
      "resolved": "https://registry.npmjs.org/nedb-engine/-/nedb-engine-2.8.2.tgz",
      "integrity": "sha512-hMsfWoXCFoOJ/bNg+7anUiJ56/tH1+6CVIT1gtLgFAzeKMIuEe8/xWyVRR99MWr/6qiMhDiG4vMQuqbodlWN/Q==",
      "license": "GPL-3.0-or-later",
      "bin": {
        "nedb-inspector": "nedb-inspector.mjs",
        "nedbd-v2": "nedbd-v2.js",
        "nedbdv2": "nedbd-v2.js"
      },
      "engines": {
        "node": ">= 16"
      }
    },
    "node_modules/sentinel-blocks": {
      "version": "1.0.2",
      "resolved": "https://registry.npmjs.org/sentinel-blocks/-/sentinel-blocks-1.0.2.tgz",
      "integrity": "sha512-etiXcqKc0vATYKwUHdwU2twd7MvDkrSObl1pC5vexs+ASDjw3nMTQkSOYN+pVr7soppcDZpOVc1tbR2T/jWq1g==",
      "license": "GPL-3.0-or-later",
      "engines": {
        "node": ">=18"
      }
    }
  }
}
